
Microsoft Visual Studio Solution File, Format Version 12.00
# Visual Studio Version 17
VisualStudioVersion = 17.0.31903.59
MinimumVisualStudioVersion = 10.0.40219.1
Project("{FAE04EC0-301F-11D3-BF4B-00C04F79EFBC}") = "ValheimTweaks", "ValheimTweaks\ValheimTweaks.csproj", "{AE0BA2D1-77DC-40ED-A7A5-ED1382C2F308}"
EndProject
Project("{2150E333-8FDC-42A3-9474-1A3956D46DE8}") = "ImmersiveMapper", "ImmersiveMapper", "{2966F2CF-B3B8-958F-11BC-54F4A09063EE}"
EndProject
Project("{FAE04EC0-301F-11D3-BF4B-00C04F79EFBC}") = "TraderBeacons", "ImmersiveMapper\src\TraderBeacons\TraderBeacons.csproj", "{DFA4A244-FE86-455E-9B55-90C19F263D7D}"
EndProject
Project("{FAE04EC0-301F-11D3-BF4B-00C04F79EFBC}") = "ShipCargo", "ImmersiveMapper\src\ShipCargo\ShipCargo.csproj", "{2C5DF1DE-563C-4DEE-A034-0D2F718789D7}"
EndProject
Project("{FAE04EC0-301F-11D3-BF4B-00C04F79EFBC}") = "CartLashing", "ImmersiveMapper\src\CartLashing\CartLashing.csproj", "{2389AC36-2CD1-44AE-9006-8790C3C5D20C}"
EndProject
Project("{FAE04EC0-301F-11D3-BF4B-00C04F79EFBC}") = "Cartographer", "ImmersiveMapper\src\Cartographer\Cartographer.csproj", "{4ED479D2-2D97-4F0C-A314-0D516F971213}"
EndProject
Global
	GlobalSection(SolutionConfigurationPlatforms) = preSolution
		Debug|Any CPU = Debug|Any CPU
		Debug|x64 = Debug|x64
		Debug|x86 = Debug|x86
		Release|Any CPU = Release|Any CPU
		Release|x64 = Release|x64
		Release|x86 = Release|x86
	EndGlobalSection
	GlobalSection(ProjectConfigurationPlatforms) = postSolution
		{AE0BA2D1-77DC-40ED-A7A5-ED1382C2F308}.Debug|Any CPU.ActiveCfg = Debug|Any CPU
		{AE0BA2D1-77DC-40ED-A7A5-ED1382C2F308}.Debug|Any CPU.Build.0 = Debug|Any CPU
		{AE0BA2D1-77DC-40ED-A7A5-ED1382C2F308}.Debug|x64.ActiveCfg = Debug|Any CPU
		{AE0BA2D1-77DC-40ED-A7A5-ED1382C2F308}.Debug|x64.Build.0 = Debug|Any CPU
		{AE0BA2D1-77DC-40ED-A7A5-ED1382C2F308}.Debug|x86.ActiveCfg = Debug|Any CPU
		{AE0BA2D1-77DC-40ED-A7A5-ED1382C2F308}.Debug|x86.Build.0 = Debug|Any CPU
		{AE0BA2D1-77DC-40ED-A7A5-ED1382C2F308}.Release|Any CPU.ActiveCfg = Release|Any CPU
		{AE0BA2D1-77DC-40ED-A7A5-ED1382C2F308}.Release|Any CPU.Build.0 = Release|Any CPU
		{AE0BA2D1-77DC-40ED-A7A5-ED1382C2F308}.Release|x64.ActiveCfg = Release|Any CPU
		{AE0BA2D1-77DC-40ED-A7A5-ED1382C2F308}.Release|x64.Build.0 = Release|Any CPU
		{AE0BA2D1-77DC-40ED-A7A5-ED1382C2F308}.Release|x86.ActiveCfg = Release|Any CPU
		{AE0BA2D1-77DC-40ED-A7A5-ED1382C2F308}.Release|x86.Build.0 = Release|Any CPU
		{DFA4A244-FE86-455E-9B55-90C19F263D7D}.Debug|Any CPU.ActiveCfg = Debug|Any CPU
		{DFA4A244-FE86-455E-9B55-90C19F263D7D}.Debug|Any CPU.Build.0 = Debug|Any CPU
		{DFA4A244-FE86-455E-9B55-90C19F263D7D}.Debug|x64.ActiveCfg = Debug|Any CPU
		{DFA4A244-FE86-455E-9B55-90C19F263D7D}.Debug|x64.Build.0 = Debug|Any CPU
		{DFA4A244-FE86-455E-9B55-90C19F263D7D}.Debug|x86.ActiveCfg = Debug|Any CPU
		{DFA4A244-FE86-455E-9B55-90C19F263D7D}.Debug|x86.Build.0 = Debug|Any CPU
		{DFA4A244-FE86-455E-9B55-90C19F263D7D}.Release|Any CPU.ActiveCfg = Release|Any CPU
		{DFA4A244-FE86-455E-9B55-90C19F263D7D}.Release|Any CPU.Build.0 = Release|Any CPU
		{DFA4A244-FE86-455E-9B55-90C19F263D7D}.Release|x64.ActiveCfg = Release|Any CPU
		{DFA4A244-FE86-455E-9B55-90C19F263D7D}.Release|x64.Build.0 = Release|Any CPU
		{DFA4A244-FE86-455E-9B55-90C19F263D7D}.Release|x86.ActiveCfg = Release|Any CPU
		{DFA4A244-FE86-455E-9B55-90C19F263D7D}.Release|x86.Build.0 = Release|Any CPU
		{2C5DF1DE-563C-4DEE-A034-0D2F718789D7}.Debug|Any CPU.ActiveCfg = Debug|Any CPU
		{2C5DF1DE-563C-4DEE-A034-0D2F718789D7}.Debug|Any CPU.Build.0 = Debug|Any CPU
		{2C5DF1DE-563C-4DEE-A034-0D2F718789D7}.Debug|x64.ActiveCfg = Debug|Any CPU
		{2C5DF1DE-563C-4DEE-A034-0D2F718789D7}.Debug|x64.Build.0 = Debug|Any CPU
		{2C5DF1DE-563C-4DEE-A034-0D2F718789D7}.Debug|x86.ActiveCfg = Debug|Any CPU
		{2C5DF1DE-563C-4DEE-A034-0D2F718789D7}.Debug|x86.Build.0 = Debug|Any CPU
		{2C5DF1DE-563C-4DEE-A034-0D2F718789D7}.Release|Any CPU.ActiveCfg = Release|Any CPU
		{2C5DF1DE-563C-4DEE-A034-0D2F718789D7}.Release|Any CPU.Build.0 = Release|Any CPU
		{2C5DF1DE-563C-4DEE-A034-0D2F718789D7}.Release|x64.ActiveCfg = Release|Any CPU
		{2C5DF1DE-563C-4DEE-A034-0D2F718789D7}.Release|x64.Build.0 = Release|Any CPU
		{2C5DF1DE-563C-4DEE-A034-0D2F718789D7}.Release|x86.ActiveCfg = Release|Any CPU
		{2C5DF1DE-563C-4DEE-A034-0D2F718789D7}.Release|x86.Build.0 = Release|Any CPU
		{2389AC36-2CD1-44AE-9006-8790C3C5D20C}.Debug|Any CPU.ActiveCfg = Debug|Any CPU
		{2389AC36-2CD1-44AE-9006-8790C3C5D20C}.Debug|Any CPU.Build.0 = Debug|Any CPU
		{2389AC36-2CD1-44AE-9006-8790C3C5D20C}.Debug|x64.ActiveCfg = Debug|Any CPU
		{2389AC36-2CD1-44AE-9006-8790C3C5D20C}.Debug|x64.Build.0 = Debug|Any CPU
		{2389AC36-2CD1-44AE-9006-8790C3C5D20C}.Debug|x86.ActiveCfg = Debug|Any CPU
		{2389AC36-2CD1-44AE-9006-8790C3C5D20C}.Debug|x86.Build.0 = Debug|Any CPU
		{2389AC36-2CD1-44AE-9006-8790C3C5D20C}.Release|Any CPU.ActiveCfg = Release|Any CPU
		{2389AC36-2CD1-44AE-9006-8790C3C5D20C}.Release|Any CPU.Build.0 = Release|Any CPU
		{2389AC36-2CD1-44AE-9006-8790C3C5D20C}.Release|x64.ActiveCfg = Release|Any CPU
		{2389AC36-2CD1-44AE-9006-8790C3C5D20C}.Release|x64.Build.0 = Release|Any CPU
		{2389AC36-2CD1-44AE-9006-8790C3C5D20C}.Release|x86.ActiveCfg = Release|Any CPU
		{2389AC36-2CD1-44AE-9006-8790C3C5D20C}.Release|x86.Build.0 = Release|Any CPU
		{4ED479D2-2D97-4F0C-A314-0D516F971213}.Debug|Any CPU.ActiveCfg = Debug|Any CPU
		{4ED479D2-2D97-4F0C-A314-0D516F971213}.Debug|Any CPU.Build.0 = Debug|Any CPU
		{4ED479D2-2D97-4F0C-A314-0D516F971213}.Debug|x64.ActiveCfg = Debug|Any CPU
		{4ED479D2-2D97-4F0C-A314-0D516F971213}.Debug|x64.Build.0 = Debug|Any CPU
		{4ED479D2-2D97-4F0C-A314-0D516F971213}.Debug|x86.ActiveCfg = Debug|Any CPU
		{4ED479D2-2D97-4F0C-A314-0D516F971213}.Debug|x86.Build.0 = Debug|Any CPU
		{4ED479D2-2D97-4F0C-A314-0D516F971213}.Release|Any CPU.ActiveCfg = Release|Any CPU
		{4ED479D2-2D97-4F0C-A314-0D516F971213}.Release|Any CPU.Build.0 = Release|Any CPU
		{4ED479D2-2D97-4F0C-A314-0D516F971213}.Release|x64.ActiveCfg = Release|Any CPU
		{4ED479D2-2D97-4F0C-A314-0D516F971213}.Release|x64.Build.0 = Release|Any CPU
		{4ED479D2-2D97-4F0C-A314-0D516F971213}.Release|x86.ActiveCfg = Release|Any CPU
		{4ED479D2-2D97-4F0C-A314-0D516F971213}.Release|x86.Build.0 = Release|Any CPU
	EndGlobalSection
	GlobalSection(SolutionProperties) = preSolution
		HideSolutionNode = FALSE
	EndGlobalSection
	GlobalSection(NestedProjects) = preSolution
		{DFA4A244-FE86-455E-9B55-90C19F263D7D} = {2966F2CF-B3B8-958F-11BC-54F4A09063EE}
		{2C5DF1DE-563C-4DEE-A034-0D2F718789D7} = {2966F2CF-B3B8-958F-11BC-54F4A09063EE}
		{2389AC36-2CD1-44AE-9006-8790C3C5D20C} = {2966F2CF-B3B8-958F-11BC-54F4A09063EE}
		{4ED479D2-2D97-4F0C-A314-0D516F971213} = {2966F2CF-B3B8-958F-11BC-54F4A09063EE}
	EndGlobalSection
EndGlobal
